// !$*UTF8*$!
{
	archiveVersion = 1;
	classes = {
	};
	objectVersion = 50;
	objects = {

/* Begin PBXBuildFile section */
		1155F8EDA94498BF55BC9110 /* Pods_WeatherApp.framework in Frameworks */ = {isa = PBXBuildFile; fileRef = 14C8CE632B57979891FBE26C /* Pods_WeatherApp.framework */; };
		514036742296BE0B00F5AD13 /* SettingsController.swift in Sources */ = {isa = PBXBuildFile; fileRef = 514036732296BE0B00F5AD13 /* SettingsController.swift */; };
		514036762296BF3700F5AD13 /* Settings.swift in Sources */ = {isa = PBXBuildFile; fileRef = 514036752296BF3700F5AD13 /* Settings.swift */; };
		514036782296BFAC00F5AD13 /* Language.swift in Sources */ = {isa = PBXBuildFile; fileRef = 514036772296BFAC00F5AD13 /* Language.swift */; };
		514093BC22951FF600E5D5D2 /* AppDelegate.swift in Sources */ = {isa = PBXBuildFile; fileRef = 514093BB22951FF600E5D5D2 /* AppDelegate.swift */; };
		514093BE22951FF600E5D5D2 /* MapViewController.swift in Sources */ = {isa = PBXBuildFile; fileRef = 514093BD22951FF600E5D5D2 /* MapViewController.swift */; };
		514093C122951FF600E5D5D2 /* Main.storyboard in Resources */ = {isa = PBXBuildFile; fileRef = 514093BF22951FF600E5D5D2 /* Main.storyboard */; };
		514093C322951FF600E5D5D2 /* Assets.xcassets in Resources */ = {isa = PBXBuildFile; fileRef = 514093C222951FF600E5D5D2 /* Assets.xcassets */; };
		514093C622951FF600E5D5D2 /* LaunchScreen.storyboard in Resources */ = {isa = PBXBuildFile; fileRef = 514093C422951FF600E5D5D2 /* LaunchScreen.storyboard */; };
		514093CE2295205E00E5D5D2 /* CitiesData.swift in Sources */ = {isa = PBXBuildFile; fileRef = 514093CD2295205E00E5D5D2 /* CitiesData.swift */; };
		514093D02295207D00E5D5D2 /* City.swift in Sources */ = {isa = PBXBuildFile; fileRef = 514093CF2295207D00E5D5D2 /* City.swift */; };
		514093D2229524BC00E5D5D2 /* DetailsViewController.swift in Sources */ = {isa = PBXBuildFile; fileRef = 514093D1229524BC00E5D5D2 /* DetailsViewController.swift */; };
		514093DD229532DA00E5D5D2 /* DetailsHeaderCell.swift in Sources */ = {isa = PBXBuildFile; fileRef = 514093DC229532DA00E5D5D2 /* DetailsHeaderCell.swift */; };
		514093DF2295331800E5D5D2 /* DetailsTitleCell.swift in Sources */ = {isa = PBXBuildFile; fileRef = 514093DE2295331800E5D5D2 /* DetailsTitleCell.swift */; };
		514093E12295333900E5D5D2 /* DetailsHourlyForecast.swift in Sources */ = {isa = PBXBuildFile; fileRef = 514093E02295333900E5D5D2 /* DetailsHourlyForecast.swift */; };
		514093E32295335300E5D5D2 /* DetailsDailyForecast.swift in Sources */ = {isa = PBXBuildFile; fileRef = 514093E22295335300E5D5D2 /* DetailsDailyForecast.swift */; };
		514093E52295338200E5D5D2 /* DetailsExtraInfos.swift in Sources */ = {isa = PBXBuildFile; fileRef = 514093E42295338200E5D5D2 /* DetailsExtraInfos.swift */; };
		514093E822953FF600E5D5D2 /* Forecast.swift in Sources */ = {isa = PBXBuildFile; fileRef = 514093E722953FF600E5D5D2 /* Forecast.swift */; };
		514093EA2295403200E5D5D2 /* Alert.swift in Sources */ = {isa = PBXBuildFile; fileRef = 514093E92295403200E5D5D2 /* Alert.swift */; };
		514093EC2295404E00E5D5D2 /* DataPoint.swift in Sources */ = {isa = PBXBuildFile; fileRef = 514093EB2295404E00E5D5D2 /* DataPoint.swift */; };
		514093EE2295406600E5D5D2 /* Flag.swift in Sources */ = {isa = PBXBuildFile; fileRef = 514093ED2295406600E5D5D2 /* Flag.swift */; };
		514093F02295408400E5D5D2 /* DataBlock.swift in Sources */ = {isa = PBXBuildFile; fileRef = 514093EF2295408400E5D5D2 /* DataBlock.swift */; };
		514093F22295409A00E5D5D2 /* Icon.swift in Sources */ = {isa = PBXBuildFile; fileRef = 514093F12295409A00E5D5D2 /* Icon.swift */; };
		514093F4229540C800E5D5D2 /* Precipitation.swift in Sources */ = {isa = PBXBuildFile; fileRef = 514093F3229540C800E5D5D2 /* Precipitation.swift */; };
		514093F6229540EA00E5D5D2 /* Units.swift in Sources */ = {isa = PBXBuildFile; fileRef = 514093F5229540EA00E5D5D2 /* Units.swift */; };
		514093F82295418400E5D5D2 /* ApiManager.swift in Sources */ = {isa = PBXBuildFile; fileRef = 514093F72295418400E5D5D2 /* ApiManager.swift */; };
		514093FA2295884100E5D5D2 /* CityCell.swift in Sources */ = {isa = PBXBuildFile; fileRef = 514093F92295884100E5D5D2 /* CityCell.swift */; };
		514093FC2295896100E5D5D2 /* Utils.swift in Sources */ = {isa = PBXBuildFile; fileRef = 514093FB2295896100E5D5D2 /* Utils.swift */; };
/* End PBXBuildFile section */

/* Begin PBXFileReference section */
		14C8CE632B57979891FBE26C /* Pods_WeatherApp.framework */ = {isa = PBXFileReference; explicitFileType = wrapper.framework; includeInIndex = 0; path = Pods_WeatherApp.framework; sourceTree = BUILT_PRODUCTS_DIR; };
		514036732296BE0B00F5AD13 /* SettingsController.swift */ = {isa = PBXFileReference; lastKnownFileType = sourcecode.swift; path = SettingsController.swift; sourceTree = "<group>"; };
		514036752296BF3700F5AD13 /* Settings.swift */ = {isa = PBXFileReference; lastKnownFileType = sourcecode.swift; path = Settings.swift; sourceTree = "<group>"; };
		514036772296BFAC00F5AD13 /* Language.swift */ = {isa = PBXFileReference; lastKnownFileType = sourcecode.swift; path = Language.swift; sourceTree = "<group>"; };
		514093B822951FF600E5D5D2 /* WeatherApp.app */ = {isa = PBXFileReference; explicitFileType = wrapper.application; includeInIndex = 0; path = WeatherApp.app; sourceTree = BUILT_PRODUCTS_DIR; };
		514093BB22951FF600E5D5D2 /* AppDelegate.swift */ = {isa = PBXFileReference; lastKnownFileType = sourcecode.swift; path = AppDelegate.swift; sourceTree = "<group>"; };
		514093BD22951FF600E5D5D2 /* MapViewController.swift */ = {isa = PBXFileReference; lastKnownFileType = sourcecode.swift; path = MapViewController.swift; sourceTree = "<group>"; };
		514093C022951FF600E5D5D2 /* Base */ = {isa = PBXFileReference; lastKnownFileType = file.storyboard; name = Base; path = Base.lproj/Main.storyboard; sourceTree = "<group>"; };
		514093C222951FF600E5D5D2 /* Assets.xcassets */ = {isa = PBXFileReference; lastKnownFileType = folder.assetcatalog; path = Assets.xcassets; sourceTree = "<group>"; };
		514093C522951FF600E5D5D2 /* Base */ = {isa = PBXFileReference; lastKnownFileType = file.storyboard; name = Base; path = Base.lproj/LaunchScreen.storyboard; sourceTree = "<group>"; };
		514093C722951FF600E5D5D2 /* Info.plist */ = {isa = PBXFileReference; lastKnownFileType = text.plist.xml; path = Info.plist; sourceTree = "<group>"; };
		514093CD2295205E00E5D5D2 /* CitiesData.swift */ = {isa = PBXFileReference; lastKnownFileType = sourcecode.swift; path = CitiesData.swift; sourceTree = "<group>"; };
		514093CF2295207D00E5D5D2 /* City.swift */ = {isa = PBXFileReference; lastKnownFileType = sourcecode.swift; path = City.swift; sourceTree = "<group>"; };
		514093D1229524BC00E5D5D2 /* DetailsViewController.swift */ = {isa = PBXFileReference; lastKnownFileType = sourcecode.swift; path = DetailsViewController.swift; sourceTree = "<group>"; };
		514093DC229532DA00E5D5D2 /* DetailsHeaderCell.swift */ = {isa = PBXFileReference; lastKnownFileType = sourcecode.swift; path = DetailsHeaderCell.swift; sourceTree = "<group>"; };
		514093DE2295331800E5D5D2 /* DetailsTitleCell.swift */ = {isa = PBXFileReference; lastKnownFileType = sourcecode.swift; path = DetailsTitleCell.swift; sourceTree = "<group>"; };
		514093E02295333900E5D5D2 /* DetailsHourlyForecast.swift */ = {isa = PBXFileReference; lastKnownFileType = sourcecode.swift; path = DetailsHourlyForecast.swift; sourceTree = "<group>"; };
		514093E22295335300E5D5D2 /* DetailsDailyForecast.swift */ = {isa = PBXFileReference; lastKnownFileType = sourcecode.swift; path = DetailsDailyForecast.swift; sourceTree = "<group>"; };
		514093E42295338200E5D5D2 /* DetailsExtraInfos.swift */ = {isa = PBXFileReference; lastKnownFileType = sourcecode.swift; path = DetailsExtraInfos.swift; sourceTree = "<group>"; };
		514093E722953FF600E5D5D2 /* Forecast.swift */ = {isa = PBXFileReference; lastKnownFileType = sourcecode.swift; path = Forecast.swift; sourceTree = "<group>"; };
		514093E92295403200E5D5D2 /* Alert.swift */ = {isa = PBXFileReference; lastKnownFileType = sourcecode.swift; path = Alert.swift; sourceTree = "<group>"; };
		514093EB2295404E00E5D5D2 /* DataPoint.swift */ = {isa = PBXFileReference; lastKnownFileType = sourcecode.swift; path = DataPoint.swift; sourceTree = "<group>"; };
		514093ED2295406600E5D5D2 /* Flag.swift */ = {isa = PBXFileReference; lastKnownFileType = sourcecode.swift; path = Flag.swift; sourceTree = "<group>"; };
		514093EF2295408400E5D5D2 /* DataBlock.swift */ = {isa = PBXFileReference; lastKnownFileType = sourcecode.swift; path = DataBlock.swift; sourceTree = "<group>"; };
		514093F12295409A00E5D5D2 /* Icon.swift */ = {isa = PBXFileReference; lastKnownFileType = sourcecode.swift; path = Icon.swift; sourceTree = "<group>"; };
		514093F3229540C800E5D5D2 /* Precipitation.swift */ = {isa = PBXFileReference; lastKnownFileType = sourcecode.swift; path = Precipitation.swift; sourceTree = "<group>"; };
		514093F5229540EA00E5D5D2 /* Units.swift */ = {isa = PBXFileReference; lastKnownFileType = sourcecode.swift; path = Units.swift; sourceTree = "<group>"; };
		514093F72295418400E5D5D2 /* ApiManager.swift */ = {isa = PBXFileReference; lastKnownFileType = sourcecode.swift; path = ApiManager.swift; sourceTree = "<group>"; };
		514093F92295884100E5D5D2 /* CityCell.swift */ = {isa = PBXFileReference; lastKnownFileType = sourcecode.swift; path = CityCell.swift; sourceTree = "<group>"; };
		514093FB2295896100E5D5D2 /* Utils.swift */ = {isa = PBXFileReference; lastKnownFileType = sourcecode.swift; path = Utils.swift; sourceTree = "<group>"; };
		5D5B37E20BA65DD8B65A0897 /* Pods-WeatherApp.release.xcconfig */ = {isa = PBXFileReference; includeInIndex = 1; lastKnownFileType = text.xcconfig; name = "Pods-WeatherApp.release.xcconfig"; path = "Target Support Files/Pods-WeatherApp/Pods-WeatherApp.release.xcconfig"; sourceTree = "<group>"; };
		A6887744B7F619F3580E0DC1 /* Pods-WeatherApp.debug.xcconfig */ = {isa = PBXFileReference; includeInIndex = 1; lastKnownFileType = text.xcconfig; name = "Pods-WeatherApp.debug.xcconfig"; path = "Target Support Files/Pods-WeatherApp/Pods-WeatherApp.debug.xcconfig"; sourceTree = "<group>"; };
/* End PBXFileReference section */

/* Begin PBXFrameworksBuildPhase section */
		514093B522951FF600E5D5D2 /* Frameworks */ = {
			isa = PBXFrameworksBuildPhase;
			buildActionMask = 2147483647;
			files = (
				1155F8EDA94498BF55BC9110 /* Pods_WeatherApp.framework in Frameworks */,
			);
			runOnlyForDeploymentPostprocessing = 0;
		};
/* End PBXFrameworksBuildPhase section */

/* Begin PBXGroup section */
		35B77E79BC7EC1D8611A4BA7 /* Pods */ = {
			isa = PBXGroup;
			children = (
				A6887744B7F619F3580E0DC1 /* Pods-WeatherApp.debug.xcconfig */,
				5D5B37E20BA65DD8B65A0897 /* Pods-WeatherApp.release.xcconfig */,
			);
			path = Pods;
			sourceTree = "<group>";
		};
		514093AF22951FF600E5D5D2 = {
			isa = PBXGroup;
			children = (
				514093BA22951FF600E5D5D2 /* WeatherApp */,
				514093B922951FF600E5D5D2 /* Products */,
				35B77E79BC7EC1D8611A4BA7 /* Pods */,
				927C35238703E07EC5B4AD88 /* Frameworks */,
			);
			sourceTree = "<group>";
		};
		514093B922951FF600E5D5D2 /* Products */ = {
			isa = PBXGroup;
			children = (
				514093B822951FF600E5D5D2 /* WeatherApp.app */,
			);
			name = Products;
			sourceTree = "<group>";
		};
		514093BA22951FF600E5D5D2 /* WeatherApp */ = {
			isa = PBXGroup;
			children = (
				514093DB229532C800E5D5D2 /* cells */,
				514093DA229528A900E5D5D2 /* utils */,
				514093D92295289D00E5D5D2 /* controllers */,
				514093D62295273B00E5D5D2 /* models */,
				514093BB22951FF600E5D5D2 /* AppDelegate.swift */,
				514093BF22951FF600E5D5D2 /* Main.storyboard */,
				514093C222951FF600E5D5D2 /* Assets.xcassets */,
				514093C422951FF600E5D5D2 /* LaunchScreen.storyboard */,
				514093C722951FF600E5D5D2 /* Info.plist */,
				514036752296BF3700F5AD13 /* Settings.swift */,
			);
			path = WeatherApp;
			sourceTree = "<group>";
		};
		514093D62295273B00E5D5D2 /* models */ = {
			isa = PBXGroup;
			children = (
				514093E622953FE000E5D5D2 /* darksky */,
				514093CF2295207D00E5D5D2 /* City.swift */,
			);
			path = models;
			sourceTree = "<group>";
		};
		514093D92295289D00E5D5D2 /* controllers */ = {
			isa = PBXGroup;
			children = (
				514093BD22951FF600E5D5D2 /* MapViewController.swift */,
				514093D1229524BC00E5D5D2 /* DetailsViewController.swift */,
				514036732296BE0B00F5AD13 /* SettingsController.swift */,
			);
			path = controllers;
			sourceTree = "<group>";
		};
		514093DA229528A900E5D5D2 /* utils */ = {
			isa = PBXGroup;
			children = (
				514093CD2295205E00E5D5D2 /* CitiesData.swift */,
				514093F72295418400E5D5D2 /* ApiManager.swift */,
				514093FB2295896100E5D5D2 /* Utils.swift */,
			);
			path = utils;
			sourceTree = "<group>";
		};
		514093DB229532C800E5D5D2 /* cells */ = {
			isa = PBXGroup;
			children = (
				514093DC229532DA00E5D5D2 /* DetailsHeaderCell.swift */,
				514093DE2295331800E5D5D2 /* DetailsTitleCell.swift */,
				514093E02295333900E5D5D2 /* DetailsHourlyForecast.swift */,
				514093E42295338200E5D5D2 /* DetailsExtraInfos.swift */,
				514093E22295335300E5D5D2 /* DetailsDailyForecast.swift */,
				514093F92295884100E5D5D2 /* CityCell.swift */,
			);
			path = cells;
			sourceTree = "<group>";
		};
		514093E622953FE000E5D5D2 /* darksky */ = {
			isa = PBXGroup;
			children = (
				514093E722953FF600E5D5D2 /* Forecast.swift */,
				514093E92295403200E5D5D2 /* Alert.swift */,
				514093EB2295404E00E5D5D2 /* DataPoint.swift */,
				514093ED2295406600E5D5D2 /* Flag.swift */,
				514093EF2295408400E5D5D2 /* DataBlock.swift */,
				514093F12295409A00E5D5D2 /* Icon.swift */,
				514093F3229540C800E5D5D2 /* Precipitation.swift */,
				514093F5229540EA00E5D5D2 /* Units.swift */,
				514036772296BFAC00F5AD13 /* Language.swift */,
			);
			path = darksky;
			sourceTree = "<group>";
		};
		927C35238703E07EC5B4AD88 /* Frameworks */ = {
			isa = PBXGroup;
			children = (
				14C8CE632B57979891FBE26C /* Pods_WeatherApp.framework */,
			);
			name = Frameworks;
			sourceTree = "<group>";
		};
/* End PBXGroup section */

/* Begin PBXNativeTarget section */
		514093B722951FF600E5D5D2 /* WeatherApp */ = {
			isa = PBXNativeTarget;
			buildConfigurationList = 514093CA22951FF600E5D5D2 /* Build configuration list for PBXNativeTarget "WeatherApp" */;
			buildPhases = (
				9B74C246DB03F5A3164F702A /* [CP] Check Pods Manifest.lock */,
				514093B422951FF600E5D5D2 /* Sources */,
				514093B522951FF600E5D5D2 /* Frameworks */,
				514093B622951FF600E5D5D2 /* Resources */,
				5829D457B5FB729B9C9C0EBE /* [CP] Embed Pods Frameworks */,
			);
			buildRules = (
			);
			dependencies = (
			);
			name = WeatherApp;
			productName = WeatherApp;
			productReference = 514093B822951FF600E5D5D2 /* WeatherApp.app */;
			productType = "com.apple.product-type.application";
		};
/* End PBXNativeTarget section */

/* Begin PBXProject section */
		514093B022951FF600E5D5D2 /* Project object */ = {
			isa = PBXProject;
			attributes = {
				LastSwiftUpdateCheck = 1020;
				LastUpgradeCheck = 1020;
				ORGANIZATIONNAME = "Jean-Charles Moussé";
				TargetAttributes = {
					514093B722951FF600E5D5D2 = {
						CreatedOnToolsVersion = 10.2.1;
					};
				};
			};
			buildConfigurationList = 514093B322951FF600E5D5D2 /* Build configuration list for PBXProject "WeatherApp" */;
			compatibilityVersion = "Xcode 9.3";
			developmentRegion = en;
			hasScannedForEncodings = 0;
			knownRegions = (
				en,
				Base,
			);
			mainGroup = 514093AF22951FF600E5D5D2;
			productRefGroup = 514093B922951FF600E5D5D2 /* Products */;
			projectDirPath = "";
			projectRoot = "";
			targets = (
				514093B722951FF600E5D5D2 /* WeatherApp */,
			);
		};
/* End PBXProject section */

/* Begin PBXResourcesBuildPhase section */
		514093B622951FF600E5D5D2 /* Resources */ = {
			isa = PBXResourcesBuildPhase;
			buildActionMask = 2147483647;
			files = (
				514093C622951FF600E5D5D2 /* LaunchScreen.storyboard in Resources */,
				514093C322951FF600E5D5D2 /* Assets.xcassets in Resources */,
				514093C122951FF600E5D5D2 /* Main.storyboard in Resources */,
			);
			runOnlyForDeploymentPostprocessing = 0;
		};
/* End PBXResourcesBuildPhase section */

/* Begin PBXShellScriptBuildPhase section */
		5829D457B5FB729B9C9C0EBE /* [CP] Embed Pods Frameworks */ = {
			isa = PBXShellScriptBuildPhase;
			buildActionMask = 2147483647;
			files = (
			);
			inputFileListPaths = (
			);
			inputPaths = (
				"${PODS_ROOT}/Target Support Files/Pods-WeatherApp/Pods-WeatherApp-frameworks.sh",
				"${BUILT_PRODUCTS_DIR}/Alamofire/Alamofire.framework",
				"${BUILT_PRODUCTS_DIR}/Charts/Charts.framework",
			);
			name = "[CP] Embed Pods Frameworks";
			outputFileListPaths = (
			);
			outputPaths = (
				"${TARGET_BUILD_DIR}/${FRAMEWORKS_FOLDER_PATH}/Alamofire.framework",
				"${TARGET_BUILD_DIR}/${FRAMEWORKS_FOLDER_PATH}/Charts.framework",
			);
			runOnlyForDeploymentPostprocessing = 0;
			shellPath = /bin/sh;
			shellScript = "\"${PODS_ROOT}/Target Support Files/Pods-WeatherApp/Pods-WeatherApp-frameworks.sh\"\n";
			showEnvVarsInLog = 0;
		};
		9B74C246DB03F5A3164F702A /* [CP] Check Pods Manifest.lock */ = {
			isa = PBXShellScriptBuildPhase;
			buildActionMask = 2147483647;
			files = (
			);
			inputFileListPaths = (
			);
			inputPaths = (
				"${PODS_PODFILE_DIR_PATH}/Podfile.lock",
				"${PODS_ROOT}/Manifest.lock",
			);
			name = "[CP] Check Pods Manifest.lock";
			outputFileListPaths = (
			);
			outputPaths = (
				"$(DERIVED_FILE_DIR)/Pods-WeatherApp-checkManifestLockResult.txt",
			);
			runOnlyForDeploymentPostprocessing = 0;
			shellPath = /bin/sh;
			shellScript = "diff \"${PODS_PODFILE_DIR_PATH}/Podfile.lock\" \"${PODS_ROOT}/Manifest.lock\" > /dev/null\nif [ $? != 0 ] ; then\n    # print error to STDERR\n    echo \"error: The sandbox is not in sync with the Podfile.lock. Run 'pod install' or update your CocoaPods installation.\" >&2\n    exit 1\nfi\n# This output is used by Xcode 'outputs' to avoid re-running this script phase.\necho \"SUCCESS\" > \"${SCRIPT_OUTPUT_FILE_0}\"\n";
			showEnvVarsInLog = 0;
		};
/* End PBXShellScriptBuildPhase section */

/* Begin PBXSourcesBuildPhase section */
		514093B422951FF600E5D5D2 /* Sources */ = {
			isa = PBXSourcesBuildPhase;
			buildActionMask = 2147483647;
			files = (
				514093CE2295205E00E5D5D2 /* CitiesData.swift in Sources */,
				514093F22295409A00E5D5D2 /* Icon.swift in Sources */,
				514093FA2295884100E5D5D2 /* CityCell.swift in Sources */,
				514093DF2295331800E5D5D2 /* DetailsTitleCell.swift in Sources */,
				514093BE22951FF600E5D5D2 /* MapViewController.swift in Sources */,
				514093DD229532DA00E5D5D2 /* DetailsHeaderCell.swift in Sources */,
				514093E822953FF600E5D5D2 /* Forecast.swift in Sources */,
				514093EA2295403200E5D5D2 /* Alert.swift in Sources */,
				514036762296BF3700F5AD13 /* Settings.swift in Sources */,
				514093D02295207D00E5D5D2 /* City.swift in Sources */,
				514093EE2295406600E5D5D2 /* Flag.swift in Sources */,
				514093E52295338200E5D5D2 /* DetailsExtraInfos.swift in Sources */,
				514093E32295335300E5D5D2 /* DetailsDailyForecast.swift in Sources */,
				514093F4229540C800E5D5D2 /* Precipitation.swift in Sources */,
				514093F6229540EA00E5D5D2 /* Units.swift in Sources */,
				514093BC22951FF600E5D5D2 /* AppDelegate.swift in Sources */,
				514093F82295418400E5D5D2 /* ApiManager.swift in Sources */,
				514036742296BE0B00F5AD13 /* SettingsController.swift in Sources */,
				514093E12295333900E5D5D2 /* DetailsHourlyForecast.swift in Sources */,
				514093FC2295896100E5D5D2 /* Utils.swift in Sources */,
				514093D2229524BC00E5D5D2 /* DetailsViewController.swift in Sources */,
				514036782296BFAC00F5AD13 /* Language.swift in Sources */,
				514093EC2295404E00E5D5D2 /* DataPoint.swift in Sources */,
				514093F02295408400E5D5D2 /* DataBlock.swift in Sources */,
			);
			runOnlyForDeploymentPostprocessing = 0;
		};
/* End PBXSourcesBuildPhase section */

/* Begin PBXVariantGroup section */
		514093BF22951FF600E5D5D2 /* Main.storyboard */ = {
			isa = PBXVariantGroup;
			children = (
				514093C022951FF600E5D5D2 /* Base */,
			);
			name = Main.storyboard;
			sourceTree = "<group>";
		};
		514093C422951FF600E5D5D2 /* LaunchScreen.storyboard */ = {
			isa = PBXVariantGroup;
			children = (
				514093C522951FF600E5D5D2 /* Base */,
			);
			name = LaunchScreen.storyboard;
			sourceTree = "<group>";
		};
/* End PBXVariantGroup section */

/* Begin XCBuildConfiguration section */
		514093C822951FF600E5D5D2 /* Debug */ = {
			isa = XCBuildConfiguration;
			buildSettings = {
				ALWAYS_SEARCH_USER_PATHS = NO;
				CLANG_ANALYZER_NONNULL = YES;
				CLANG_ANALYZER_NUMBER_OBJECT_CONVERSION = YES_AGGRESSIVE;
				CLANG_CXX_LANGUAGE_STANDARD = "gnu++14";
				CLANG_CXX_LIBRARY = "libc++";
				CLANG_ENABLE_MODULES = YES;
				CLANG_ENABLE_OBJC_ARC = YES;
				CLANG_ENABLE_OBJC_WEAK = YES;
				CLANG_WARN_BLOCK_CAPTURE_AUTORELEASING = YES;
				CLANG_WARN_BOOL_CONVERSION = YES;
				CLANG_WARN_COMMA = YES;
				CLANG_WARN_CONSTANT_CONVERSION = YES;
				CLANG_WARN_DEPRECATED_OBJC_IMPLEMENTATIONS = YES;
				CLANG_WARN_DIRECT_OBJC_ISA_USAGE = YES_ERROR;
				CLANG_WARN_DOCUMENTATION_COMMENTS = YES;
				CLANG_WARN_EMPTY_BODY = YES;
				CLANG_WARN_ENUM_CONVERSION = YES;
				CLANG_WARN_INFINITE_RECURSION = YES;
				CLANG_WARN_INT_CONVERSION = YES;
				CLANG_WARN_NON_LITERAL_NULL_CONVERSION = YES;
				CLANG_WARN_OBJC_IMPLICIT_RETAIN_SELF = YES;
				CLANG_WARN_OBJC_LITERAL_CONVERSION = YES;
				CLANG_WARN_OBJC_ROOT_CLASS = YES_ERROR;
				CLANG_WARN_RANGE_LOOP_ANALYSIS = YES;
				CLANG_WARN_STRICT_PROTOTYPES = YES;
				CLANG_WARN_SUSPICIOUS_MOVE = YES;
				CLANG_WARN_UNGUARDED_AVAILABILITY = YES_AGGRESSIVE;
				CLANG_WARN_UNREACHABLE_CODE = YES;
				CLANG_WARN__DUPLICATE_METHOD_MATCH = YES;
				CODE_SIGN_IDENTITY = "iPhone Developer";
				COPY_PHASE_STRIP = NO;
				DEBUG_INFORMATION_FORMAT = dwarf;
				ENABLE_STRICT_OBJC_MSGSEND = YES;
				ENABLE_TESTABILITY = YES;
				GCC_C_LANGUAGE_STANDARD = gnu11;
				GCC_DYNAMIC_NO_PIC = NO;
				GCC_NO_COMMON_BLOCKS = YES;
				GCC_OPTIMIZATION_LEVEL = 0;
				GCC_PREPROCESSOR_DEFINITIONS = (
					"DEBUG=1",
					"$(inherited)",
				);
				GCC_WARN_64_TO_32_BIT_CONVERSION = YES;
				GCC_WARN_ABOUT_RETURN_TYPE = YES_ERROR;
				GCC_WARN_UNDECLARED_SELECTOR = YES;
				GCC_WARN_UNINITIALIZED_AUTOS = YES_AGGRESSIVE;
				GCC_WARN_UNUSED_FUNCTION = YES;
				GCC_WARN_UNUSED_VARIABLE = YES;
				IPHONEOS_DEPLOYMENT_TARGET = 12.2;
				MTL_ENABLE_DEBUG_INFO = INCLUDE_SOURCE;
				MTL_FAST_MATH = YES;
				ONLY_ACTIVE_ARCH = YES;
				SDKROOT = iphoneos;
				SWIFT_ACTIVE_COMPILATION_CONDITIONS = DEBUG;
				SWIFT_OPTIMIZATION_LEVEL = "-Onone";
			};
			name = Debug;
		};
		514093C922951FF600E5D5D2 /* Release */ = {
			isa = XCBuildConfiguration;
			buildSettings = {
				ALWAYS_SEARCH_USER_PATHS = NO;
				CLANG_ANALYZER_NONNULL = YES;
				CLANG_ANALYZER_NUMBER_OBJECT_CONVERSION = YES_AGGRESSIVE;
				CLANG_CXX_LANGUAGE_STANDARD = "gnu++14";
				CLANG_CXX_LIBRARY = "libc++";
				CLANG_ENABLE_MODULES = YES;
				CLANG_ENABLE_OBJC_ARC = YES;
				CLANG_ENABLE_OBJC_WEAK = YES;
				CLANG_WARN_BLOCK_CAPTURE_AUTORELEASING = YES;
				CLANG_WARN_BOOL_CONVERSION = YES;
				CLANG_WARN_COMMA = YES;
				CLANG_WARN_CONSTANT_CONVERSION = YES;
				CLANG_WARN_DEPRECATED_OBJC_IMPLEMENTATIONS = YES;
				CLANG_WARN_DIRECT_OBJC_ISA_USAGE = YES_ERROR;
				CLANG_WARN_DOCUMENTATION_COMMENTS = YES;
				CLANG_WARN_EMPTY_BODY = YES;
				CLANG_WARN_ENUM_CONVERSION = YES;
				CLANG_WARN_INFINITE_RECURSION = YES;
				CLANG_WARN_INT_CONVERSION = YES;
				CLANG_WARN_NON_LITERAL_NULL_CONVERSION = YES;
				CLANG_WARN_OBJC_IMPLICIT_RETAIN_SELF = YES;
				CLANG_WARN_OBJC_LITERAL_CONVERSION = YES;
				CLANG_WARN_OBJC_ROOT_CLASS = YES_ERROR;
				CLANG_WARN_RANGE_LOOP_ANALYSIS = YES;
				CLANG_WARN_STRICT_PROTOTYPES = YES;
				CLANG_WARN_SUSPICIOUS_MOVE = YES;
				CLANG_WARN_UNGUARDED_AVAILABILITY = YES_AGGRESSIVE;
				CLANG_WARN_UNREACHABLE_CODE = YES;
				CLANG_WARN__DUPLICATE_METHOD_MATCH = YES;
				CODE_SIGN_IDENTITY = "iPhone Developer";
				COPY_PHASE_STRIP = NO;
				DEBUG_INFORMATION_FORMAT = "dwarf-with-dsym";
				ENABLE_NS_ASSERTIONS = NO;
				ENABLE_STRICT_OBJC_MSGSEND = YES;
				GCC_C_LANGUAGE_STANDARD = gnu11;
				GCC_NO_COMMON_BLOCKS = YES;
				GCC_WARN_64_TO_32_BIT_CONVERSION = YES;
				GCC_WARN_ABOUT_RETURN_TYPE = YES_ERROR;
				GCC_WARN_UNDECLARED_SELECTOR = YES;
				GCC_WARN_UNINITIALIZED_AUTOS = YES_AGGRESSIVE;
				GCC_WARN_UNUSED_FUNCTION = YES;
				GCC_WARN_UNUSED_VARIABLE = YES;
				IPHONEOS_DEPLOYMENT_TARGET = 12.2;
				MTL_ENABLE_DEBUG_INFO = NO;
				MTL_FAST_MATH = YES;
				SDKROOT = iphoneos;
				SWIFT_COMPILATION_MODE = wholemodule;
				SWIFT_OPTIMIZATION_LEVEL = "-O";
				VALIDATE_PRODUCT = YES;
			};
			name = Release;
		};
		514093CB22951FF600E5D5D2 /* Debug */ = {
			isa = XCBuildConfiguration;
			baseConfigurationReference = A6887744B7F619F3580E0DC1 /* Pods-WeatherApp.debug.xcconfig */;
			buildSettings = {
				ASSETCATALOG_COMPILER_APPICON_NAME = AppIcon;
				CODE_SIGN_STYLE = Automatic;
				INFOPLIST_FILE = WeatherApp/Info.plist;
				LD_RUNPATH_SEARCH_PATHS = (
					"$(inherited)",
					"@executable_path/Frameworks",
				);
				PRODUCT_BUNDLE_IDENTIFIER = com.pyozer.WeatherApp;
				PRODUCT_NAME = "$(TARGET_NAME)";
				SWIFT_VERSION = 5.0;
				TARGETED_DEVICE_FAMILY = "1,2";
			};
			name = Debug;
		};
		514093CC22951FF600E5D5D2 /* Release */ = {
			isa = XCBuildConfiguration;
			baseConfigurationReference = 5D5B37E20BA65DD8B65A0897 /* Pods-WeatherApp.release.xcconfig */;
			buildSettings = {
				ASSETCATALOG_COMPILER_APPICON_NAME = AppIcon;
				CODE_SIGN_STYLE = Automatic;
				INFOPLIST_FILE = WeatherApp/Info.plist;
				LD_RUNPATH_SEARCH_PATHS = (
					"$(inherited)",
					"@executable_path/Frameworks",
				);
				PRODUCT_BUNDLE_IDENTIFIER = com.pyozer.WeatherApp;
				PRODUCT_NAME = "$(TARGET_NAME)";
				SWIFT_VERSION = 5.0;
				TARGETED_DEVICE_FAMILY = "1,2";
			};
			name = Release;
		};
/* End XCBuildConfiguration section */

/* Begin XCConfigurationList section */
		514093B322951FF600E5D5D2 /* Build configuration list for PBXProject "WeatherApp" */ = {
			isa = XCConfigurationList;
			buildConfigurations = (
				514093C822951FF600E5D5D2 /* Debug */,
				514093C922951FF600E5D5D2 /* Release */,
			);
			defaultConfigurationIsVisible = 0;
			defaultConfigurationName = Release;
		};
		514093CA22951FF600E5D5D2 /* Build configuration list for PBXNativeTarget "WeatherApp" */ = {
			isa = XCConfigurationList;
			buildConfigurations = (
				514093CB22951FF600E5D5D2 /* Debug */,
				514093CC22951FF600E5D5D2 /* Release */,
			);
			defaultConfigurationIsVisible = 0;
			defaultConfigurationName = Release;
		};
/* End XCConfigurationList section */
	};
	rootObject = 514093B022951FF600E5D5D2 /* Project object */;
}
